
Microsoft Visual Studio Solution File, Format Version 12.00
# Visual Studio Version 16
VisualStudioVersion = 16.0.30717.126
MinimumVisualStudioVersion = 10.0.40219.1
Project("{FAE04EC0-301F-11D3-BF4B-00C04F79EFBC}") = "projecto07", "projecto07\projecto07.csproj", "{0AA5F630-3E2D-48CF-8CC6-1BF2D1C03A1E}"
EndProject
Global
	GlobalSection(SolutionConfigurationPlatforms) = preSolution
		Debug|Any CPU = Debug|Any CPU
		Release|Any CPU = Release|Any CPU
	EndGlobalSection
	GlobalSection(ProjectConfigurationPlatforms) = postSolution
		{0AA5F630-3E2D-48CF-8CC6-1BF2D1C03A1E}.Debug|Any CPU.ActiveCfg = Debug|Any CPU
		{0AA5F630-3E2D-48CF-8CC6-1BF2D1C03A1E}.Debug|Any CPU.Build.0 = Debug|Any CPU
		{0AA5F630-3E2D-48CF-8CC6-1BF2D1C03A1E}.Release|Any CPU.ActiveCfg = Release|Any CPU
		{0AA5F630-3E2D-48CF-8CC6-1BF2D1C03A1E}.Release|Any CPU.Build.0 = Release|Any CPU
	EndGlobalSection
	GlobalSection(SolutionProperties) = preSolution
		HideSolutionNode = FALSE
	EndGlobalSection
	GlobalSection(ExtensibilityGlobals) = postSolution
		SolutionGuid = {06D60662-BE36-44DC-8B70-E9F428541AD0}
	EndGlobalSection
EndGlobal
